
Microsoft Visual Studio Solution File, Format Version 12.00
# Visual Studio Version 17
VisualStudioVersion = 17.12.35527.113
MinimumVisualStudioVersion = 10.0.40219.1
Project("{FAE04EC0-301F-11D3-BF4B-00C04F79EFBC}") = "spennyIRC", "spennyIRC.csproj", "{6F765477-BD30-428A-957F-2812D6322836}"
EndProject
Project("{FAE04EC0-301F-11D3-BF4B-00C04F79EFBC}") = "spennyIRC.Core", "..\spennyIRC.Core\spennyIRC.Core.csproj", "{3044B3F2-DE9E-47AA-880B-1DF287402751}"
EndProject
Project("{FAE04EC0-301F-11D3-BF4B-00C04F79EFBC}") = "spennyIRC.Tests", "..\spennyIRC.Tests\spennyIRC.Tests.csproj", "{0CEA98C9-33BC-4EFA-878A-78E4704CB7AF}"
	ProjectSection(ProjectDependencies) = postProject
		{5260A01E-D071-4E82-8614-63472055BCDB} = {5260A01E-D071-4E82-8614-63472055BCDB}
		{C837A6DF-25B8-4831-AD01-6E691290AFAA} = {C837A6DF-25B8-4831-AD01-6E691290AFAA}
	EndProjectSection
EndProject
Project("{FAE04EC0-301F-11D3-BF4B-00C04F79EFBC}") = "spennyIRC.ViewModels", "..\spennyIRC.ViewModels\spennyIRC.ViewModels.csproj", "{5260A01E-D071-4E82-8614-63472055BCDB}"
EndProject
Project("{FAE04EC0-301F-11D3-BF4B-00C04F79EFBC}") = "spennyIRC.Scripting", "..\spennyIRC.Scripting\spennyIRC.Scripting.csproj", "{C837A6DF-25B8-4831-AD01-6E691290AFAA}"
	ProjectSection(ProjectDependencies) = postProject
		{3044B3F2-DE9E-47AA-880B-1DF287402751} = {3044B3F2-DE9E-47AA-880B-1DF287402751}
	EndProjectSection
EndProject
Global
	GlobalSection(SolutionConfigurationPlatforms) = preSolution
		Debug|Any CPU = Debug|Any CPU
		Release|Any CPU = Release|Any CPU
	EndGlobalSection
	GlobalSection(ProjectConfigurationPlatforms) = postSolution
		{6F765477-BD30-428A-957F-2812D6322836}.Debug|Any CPU.ActiveCfg = Debug|Any CPU
		{6F765477-BD30-428A-957F-2812D6322836}.Debug|Any CPU.Build.0 = Debug|Any CPU
		{6F765477-BD30-428A-957F-2812D6322836}.Release|Any CPU.ActiveCfg = Release|Any CPU
		{6F765477-BD30-428A-957F-2812D6322836}.Release|Any CPU.Build.0 = Release|Any CPU
		{3044B3F2-DE9E-47AA-880B-1DF287402751}.Debug|Any CPU.ActiveCfg = Debug|Any CPU
		{3044B3F2-DE9E-47AA-880B-1DF287402751}.Debug|Any CPU.Build.0 = Debug|Any CPU
		{3044B3F2-DE9E-47AA-880B-1DF287402751}.Release|Any CPU.ActiveCfg = Release|Any CPU
		{3044B3F2-DE9E-47AA-880B-1DF287402751}.Release|Any CPU.Build.0 = Release|Any CPU
		{0CEA98C9-33BC-4EFA-878A-78E4704CB7AF}.Debug|Any CPU.ActiveCfg = Debug|Any CPU
		{0CEA98C9-33BC-4EFA-878A-78E4704CB7AF}.Debug|Any CPU.Build.0 = Debug|Any CPU
		{0CEA98C9-33BC-4EFA-878A-78E4704CB7AF}.Release|Any CPU.ActiveCfg = Release|Any CPU
		{0CEA98C9-33BC-4EFA-878A-78E4704CB7AF}.Release|Any CPU.Build.0 = Release|Any CPU
		{5260A01E-D071-4E82-8614-63472055BCDB}.Debug|Any CPU.ActiveCfg = Debug|Any CPU
		{5260A01E-D071-4E82-8614-63472055BCDB}.Debug|Any CPU.Build.0 = Debug|Any CPU
		{5260A01E-D071-4E82-8614-63472055BCDB}.Release|Any CPU.ActiveCfg = Release|Any CPU
		{5260A01E-D071-4E82-8614-63472055BCDB}.Release|Any CPU.Build.0 = Release|Any CPU
		{C837A6DF-25B8-4831-AD01-6E691290AFAA}.Debug|Any CPU.ActiveCfg = Debug|Any CPU
		{C837A6DF-25B8-4831-AD01-6E691290AFAA}.Debug|Any CPU.Build.0 = Debug|Any CPU
		{C837A6DF-25B8-4831-AD01-6E691290AFAA}.Release|Any CPU.ActiveCfg = Release|Any CPU
		{C837A6DF-25B8-4831-AD01-6E691290AFAA}.Release|Any CPU.Build.0 = Release|Any CPU
	EndGlobalSection
	GlobalSection(SolutionProperties) = preSolution
		HideSolutionNode = FALSE
	EndGlobalSection
	GlobalSection(ExtensibilityGlobals) = postSolution
		SolutionGuid = {A39B246E-C32D-4C0A-8B64-4D91182447DC}
	EndGlobalSection
EndGlobal
